{
    "_readme": [
        "This file locks the dependencies of your project to a known state",
        "Read more about it at https://getcomposer.org/doc/01-basic-usage.md#installing-dependencies",
        "This file is @generated automatically"
    ],
    "content-hash": "fbdbc7b107a03c8dc0adc7bc95cf939f",
    "packages": [
        {
            "name": "kartik-v/bootstrap-fileinput",
            "version": "v5.5.1",
            "source": {
                "type": "git",
                "url": "https://github.com/kartik-v/bootstrap-fileinput.git",
                "reference": "213e0887d254a9c6fb028ff817abd8af7e734e78"
            },
            "dist": {
                "type": "zip",
                "url": "https://api.github.com/repos/kartik-v/bootstrap-fileinput/zipball/213e0887d254a9c6fb028ff817abd8af7e734e78",
                "reference": "213e0887d254a9c6fb028ff817abd8af7e734e78",
                "shasum": ""
            },
            "type": "library",
            "extra": {
                "branch-alias": {
                    "dev-master": "5.5.x-dev"
                }
            },
            "autoload": {
                "psr-4": {
                    "kartik\\plugins\\fileinput\\": ""
                }
            },
            "notification-url": "https://packagist.org/downloads/",
            "license": [
                "BSD-3-Clause"
            ],
            "authors": [
                {
                    "name": "Kartik Visweswaran",
                    "email": "kartikv2@gmail.com",
                    "homepage": "http://www.krajee.com/"
                }
            ],
            "description": "An enhanced HTML 5 file input for Bootstrap 5.x, 4.x, and 3.x with features for file preview for many file types, multiple selection, ajax uploads, and more.",
            "homepage": "https://github.com/kartik-v/bootstrap-fileinput",
            "keywords": [
                "ajax",
                "bootstrap",
                "delete",
                "file",
                "image",
                "input",
                "jquery",
                "multiple",
                "preview",
                "progress",
                "upload"
            ],
            "support": {
                "issues": "https://github.com/kartik-v/bootstrap-fileinput/issues",
                "source": "https://github.com/kartik-v/bootstrap-fileinput/tree/v5.5.1"
            },
            "funding": [
                {
                    "url": "https://opencollective.com/bootstrap-fileinput",
                    "type": "open_collective"
                }
            ],
            "time": "2022-08-17T07:53:35+00:00"
        }
    ],
    "packages-dev": [],
    "aliases": [],
    "minimum-stability": "stable",
    "stability-flags": [],
    "prefer-stable": false,
    "prefer-lowest": false,
    "platform": [],
    "platform-dev": [],
    "plugin-api-version": "2.1.0"
}
